// !$*UTF8*$!
{
	archiveVersion = 1;
	classes = {
	};
	objectVersion = 77;
	objects = {

/* Begin PBXContainerItemProxy section */
		4AA7A48E2DF166BB00E9036E /* PBXContainerItemProxy */ = {
			isa = PBXContainerItemProxy;
			containerPortal = 4AA7A4772DF166BA00E9036E /* Project object */;
			proxyType = 1;
			remoteGlobalIDString = 4AA7A47E2DF166BA00E9036E;
			remoteInfo = VideoWallpaper;
		};
		4AA7A4982DF166BB00E9036E /* PBXContainerItemProxy */ = {
			isa = PBXContainerItemProxy;
			containerPortal = 4AA7A4772DF166BA00E9036E /* Project object */;
			proxyType = 1;
			remoteGlobalIDString = 4AA7A47E2DF166BA00E9036E;
			remoteInfo = VideoWallpaper;
		};
/* End PBXContainerItemProxy section */

/* Begin PBXFileReference section */
		4AA7A47F2DF166BA00E9036E /* VideoWallpaper.app */ = {isa = PBXFileReference; explicitFileType = wrapper.application; includeInIndex = 0; path = VideoWallpaper.app; sourceTree = BUILT_PRODUCTS_DIR; };
		4AA7A48D2DF166BB00E9036E /* VideoWallpaperTests.xctest */ = {isa = PBXFileReference; explicitFileType = wrapper.cfbundle; includeInIndex = 0; path = VideoWallpaperTests.xctest; sourceTree = BUILT_PRODUCTS_DIR; };
		4AA7A4972DF166BB00E9036E /* VideoWallpaperUITests.xctest */ = {isa = PBXFileReference; explicitFileType = wrapper.cfbundle; includeInIndex = 0; path = VideoWallpaperUITests.xctest; sourceTree = BUILT_PRODUCTS_DIR; };
/* End PBXFileReference section */

/* Begin PBXFileSystemSynchronizedBuildFileExceptionSet section */
		4AA7A4B12DF167AF00E9036E /* Exceptions for "VideoWallpaper" folder in "VideoWallpaper" target */ = {
			isa = PBXFileSystemSynchronizedBuildFileExceptionSet;
			membershipExceptions = (
				Info.plist,
			);
			target = 4AA7A47E2DF166BA00E9036E /* VideoWallpaper */;
		};
/* End PBXFileSystemSynchronizedBuildFileExceptionSet section */

/* Begin PBXFileSystemSynchronizedRootGroup section */
		4AA7A4812DF166BA00E9036E /* VideoWallpaper */ = {
			isa = PBXFileSystemSynchronizedRootGroup;
			exceptions = (
				4AA7A4B12DF167AF00E9036E /* Exceptions for "VideoWallpaper" folder in "VideoWallpaper" target */,
			);
			path = VideoWallpaper;
			sourceTree = "<group>";
		};
		4AA7A4902DF166BB00E9036E /* VideoWallpaperTests */ = {
			isa = PBXFileSystemSynchronizedRootGroup;
			path = VideoWallpaperTests;
			sourceTree = "<group>";
		};
		4AA7A49A2DF166BB00E9036E /* VideoWallpaperUITests */ = {
			isa = PBXFileSystemSynchronizedRootGroup;
			path = VideoWallpaperUITests;
			sourceTree = "<group>";
		};
/* End PBXFileSystemSynchronizedRootGroup section */

/* Begin PBXFrameworksBuildPhase section */
		4AA7A47C2DF166BA00E9036E /* Frameworks */ = {
			isa = PBXFrameworksBuildPhase;
			buildActionMask = 2147483647;
			files = (
			);
			runOnlyForDeploymentPostprocessing = 0;
		};
		4AA7A48A2DF166BB00E9036E /* Frameworks */ = {
			isa = PBXFrameworksBuildPhase;
			buildActionMask = 2147483647;
			files = (
			);
			runOnlyForDeploymentPostprocessing = 0;
		};
		4AA7A4942DF166BB00E9036E /* Frameworks */ = {
			isa = PBXFrameworksBuildPhase;
			buildActionMask = 2147483647;
			files = (
			);
			runOnlyForDeploymentPostprocessing = 0;
		};
/* End PBXFrameworksBuildPhase section */

/* Begin PBXGroup section */
		4AA7A4762DF166BA00E9036E = {
			isa = PBXGroup;
			children = (
				4AA7A4812DF166BA00E9036E /* VideoWallpaper */,
				4AA7A4902DF166BB00E9036E /* VideoWallpaperTests */,
				4AA7A49A2DF166BB00E9036E /* VideoWallpaperUITests */,
				4AA7A4802DF166BA00E9036E /* Products */,
			);
			sourceTree = "<group>";
		};
		4AA7A4802DF166BA00E9036E /* Products */ = {
			isa = PBXGroup;
			children = (
				4AA7A47F2DF166BA00E9036E /* VideoWallpaper.app */,
				4AA7A48D2DF166BB00E9036E /* VideoWallpaperTests.xctest */,
				4AA7A4972DF166BB00E9036E /* VideoWallpaperUITests.xctest */,
			);
			name = Products;
			sourceTree = "<group>";
		};
/* End PBXGroup section */

/* Begin PBXNativeTarget section */
		4AA7A47E2DF166BA00E9036E /* VideoWallpaper */ = {
			isa = PBXNativeTarget;
			buildConfigurationList = 4AA7A4A12DF166BB00E9036E /* Build configuration list for PBXNativeTarget "VideoWallpaper" */;
			buildPhases = (
				4AA7A47B2DF166BA00E9036E /* Sources */,
				4AA7A47C2DF166BA00E9036E /* Frameworks */,
				4AA7A47D2DF166BA00E9036E /* Resources */,
			);
			buildRules = (
			);
			dependencies = (
			);
			fileSystemSynchronizedGroups = (
				4AA7A4812DF166BA00E9036E /* VideoWallpaper */,
			);
			name = VideoWallpaper;
			packageProductDependencies = (
			);
			productName = VideoWallpaper;
			productReference = 4AA7A47F2DF166BA00E9036E /* VideoWallpaper.app */;
			productType = "com.apple.product-type.application";
		};
		4AA7A48C2DF166BB00E9036E /* VideoWallpaperTests */ = {
			isa = PBXNativeTarget;
			buildConfigurationList = 4AA7A4A42DF166BB00E9036E /* Build configuration list for PBXNativeTarget "VideoWallpaperTests" */;
			buildPhases = (
				4AA7A4892DF166BB00E9036E /* Sources */,
				4AA7A48A2DF166BB00E9036E /* Frameworks */,
				4AA7A48B2DF166BB00E9036E /* Resources */,
			);
			buildRules = (
			);
			dependencies = (
				4AA7A48F2DF166BB00E9036E /* PBXTargetDependency */,
			);
			fileSystemSynchronizedGroups = (
				4AA7A4902DF166BB00E9036E /* VideoWallpaperTests */,
			);
			name = VideoWallpaperTests;
			packageProductDependencies = (
			);
			productName = VideoWallpaperTests;
			productReference = 4AA7A48D2DF166BB00E9036E /* VideoWallpaperTests.xctest */;
			productType = "com.apple.product-type.bundle.unit-test";
		};
		4AA7A4962DF166BB00E9036E /* VideoWallpaperUITests */ = {
			isa = PBXNativeTarget;
			buildConfigurationList = 4AA7A4A72DF166BB00E9036E /* Build configuration list for PBXNativeTarget "VideoWallpaperUITests" */;
			buildPhases = (
				4AA7A4932DF166BB00E9036E /* Sources */,
				4AA7A4942DF166BB00E9036E /* Frameworks */,
				4AA7A4952DF166BB00E9036E /* Resources */,
			);
			buildRules = (
			);
			dependencies = (
				4AA7A4992DF166BB00E9036E /* PBXTargetDependency */,
			);
			fileSystemSynchronizedGroups = (
				4AA7A49A2DF166BB00E9036E /* VideoWallpaperUITests */,
			);
			name = VideoWallpaperUITests;
			packageProductDependencies = (
			);
			productName = VideoWallpaperUITests;
			productReference = 4AA7A4972DF166BB00E9036E /* VideoWallpaperUITests.xctest */;
			productType = "com.apple.product-type.bundle.ui-testing";
		};
/* End PBXNativeTarget section */

/* Begin PBXProject section */
		4AA7A4772DF166BA00E9036E /* Project object */ = {
			isa = PBXProject;
			attributes = {
				BuildIndependentTargetsInParallel = 1;
				LastSwiftUpdateCheck = 1640;
				LastUpgradeCheck = 2600;
				TargetAttributes = {
					4AA7A47E2DF166BA00E9036E = {
						CreatedOnToolsVersion = 16.4;
					};
					4AA7A48C2DF166BB00E9036E = {
						CreatedOnToolsVersion = 16.4;
						TestTargetID = 4AA7A47E2DF166BA00E9036E;
					};
					4AA7A4962DF166BB00E9036E = {
						CreatedOnToolsVersion = 16.4;
						TestTargetID = 4AA7A47E2DF166BA00E9036E;
					};
				};
			};
			buildConfigurationList = 4AA7A47A2DF166BA00E9036E /* Build configuration list for PBXProject "VideoWallpaper" */;
			developmentRegion = en;
			hasScannedForEncodings = 0;
			knownRegions = (
				en,
				Base,
			);
			mainGroup = 4AA7A4762DF166BA00E9036E;
			minimizedProjectReferenceProxies = 1;
			preferredProjectObjectVersion = 77;
			productRefGroup = 4AA7A4802DF166BA00E9036E /* Products */;
			projectDirPath = "";
			projectRoot = "";
			targets = (
				4AA7A47E2DF166BA00E9036E /* VideoWallpaper */,
				4AA7A48C2DF166BB00E9036E /* VideoWallpaperTests */,
				4AA7A4962DF166BB00E9036E /* VideoWallpaperUITests */,
			);
		};
/* End PBXProject section */

/* Begin PBXResourcesBuildPhase section */
		4AA7A47D2DF166BA00E9036E /* Resources */ = {
			isa = PBXResourcesBuildPhase;
			buildActionMask = 2147483647;
			files = (
			);
			runOnlyForDeploymentPostprocessing = 0;
		};
		4AA7A48B2DF166BB00E9036E /* Resources */ = {
			isa = PBXResourcesBuildPhase;
			buildActionMask = 2147483647;
			files = (
			);
			runOnlyForDeploymentPostprocessing = 0;
		};
		4AA7A4952DF166BB00E9036E /* Resources */ = {
			isa = PBXResourcesBuildPhase;
			buildActionMask = 2147483647;
			files = (
			);
			runOnlyForDeploymentPostprocessing = 0;
		};
/* End PBXResourcesBuildPhase section */

/* Begin PBXSourcesBuildPhase section */
		4AA7A47B2DF166BA00E9036E /* Sources */ = {
			isa = PBXSourcesBuildPhase;
			buildActionMask = 2147483647;
			files = (
			);
			runOnlyForDeploymentPostprocessing = 0;
		};
		4AA7A4892DF166BB00E9036E /* Sources */ = {
			isa = PBXSourcesBuildPhase;
			buildActionMask = 2147483647;
			files = (
			);
			runOnlyForDeploymentPostprocessing = 0;
		};
		4AA7A4932DF166BB00E9036E /* Sources */ = {
			isa = PBXSourcesBuildPhase;
			buildActionMask = 2147483647;
			files = (
			);
			runOnlyForDeploymentPostprocessing = 0;
		};
/* End PBXSourcesBuildPhase section */

/* Begin PBXTargetDependency section */
		4AA7A48F2DF166BB00E9036E /* PBXTargetDependency */ = {
			isa = PBXTargetDependency;
			target = 4AA7A47E2DF166BA00E9036E /* VideoWallpaper */;
			targetProxy = 4AA7A48E2DF166BB00E9036E /* PBXContainerItemProxy */;
		};
		4AA7A4992DF166BB00E9036E /* PBXTargetDependency */ = {
			isa = PBXTargetDependency;
			target = 4AA7A47E2DF166BA00E9036E /* VideoWallpaper */;
			targetProxy = 4AA7A4982DF166BB00E9036E /* PBXContainerItemProxy */;
		};
/* End PBXTargetDependency section */

/* Begin XCBuildConfiguration section */
		4AA7A49F2DF166BB00E9036E /* Debug */ = {
			isa = XCBuildConfiguration;
			buildSettings = {
				ALWAYS_SEARCH_USER_PATHS = NO;
				ASSETCATALOG_COMPILER_GENERATE_SWIFT_ASSET_SYMBOL_EXTENSIONS = YES;
				CLANG_ANALYZER_NONNULL = YES;
				CLANG_ANALYZER_NUMBER_OBJECT_CONVERSION = YES_AGGRESSIVE;
				CLANG_CXX_LANGUAGE_STANDARD = "gnu++20";
				CLANG_ENABLE_MODULES = YES;
				CLANG_ENABLE_OBJC_ARC = YES;
				CLANG_ENABLE_OBJC_WEAK = YES;
				CLANG_WARN_BLOCK_CAPTURE_AUTORELEASING = YES;
				CLANG_WARN_BOOL_CONVERSION = YES;
				CLANG_WARN_COMMA = YES;
				CLANG_WARN_CONSTANT_CONVERSION = YES;
				CLANG_WARN_DEPRECATED_OBJC_IMPLEMENTATIONS = YES;
				CLANG_WARN_DIRECT_OBJC_ISA_USAGE = YES_ERROR;
				CLANG_WARN_DOCUMENTATION_COMMENTS = YES;
				CLANG_WARN_EMPTY_BODY = YES;
				CLANG_WARN_ENUM_CONVERSION = YES;
				CLANG_WARN_INFINITE_RECURSION = YES;
				CLANG_WARN_INT_CONVERSION = YES;
				CLANG_WARN_NON_LITERAL_NULL_CONVERSION = YES;
				CLANG_WARN_OBJC_IMPLICIT_RETAIN_SELF = YES;
				CLANG_WARN_OBJC_LITERAL_CONVERSION = YES;
				CLANG_WARN_OBJC_ROOT_CLASS = YES_ERROR;
				CLANG_WARN_QUOTED_INCLUDE_IN_FRAMEWORK_HEADER = YES;
				CLANG_WARN_RANGE_LOOP_ANALYSIS = YES;
				CLANG_WARN_STRICT_PROTOTYPES = YES;
				CLANG_WARN_SUSPICIOUS_MOVE = YES;
				CLANG_WARN_UNGUARDED_AVAILABILITY = YES_AGGRESSIVE;
				CLANG_WARN_UNREACHABLE_CODE = YES;
				CLANG_WARN__DUPLICATE_METHOD_MATCH = YES;
				COPY_PHASE_STRIP = NO;
				DEAD_CODE_STRIPPING = YES;
				DEBUG_INFORMATION_FORMAT = dwarf;
				DEVELOPMENT_TEAM = 23889H77KX;
				ENABLE_STRICT_OBJC_MSGSEND = YES;
				ENABLE_TESTABILITY = YES;
				ENABLE_USER_SCRIPT_SANDBOXING = YES;
				GCC_C_LANGUAGE_STANDARD = gnu17;
				GCC_DYNAMIC_NO_PIC = NO;
				GCC_NO_COMMON_BLOCKS = YES;
				GCC_OPTIMIZATION_LEVEL = 0;
				GCC_PREPROCESSOR_DEFINITIONS = (
					"DEBUG=1",
					"$(inherited)",
				);
				GCC_WARN_64_TO_32_BIT_CONVERSION = YES;
				GCC_WARN_ABOUT_RETURN_TYPE = YES_ERROR;
				GCC_WARN_UNDECLARED_SELECTOR = YES;
				GCC_WARN_UNINITIALIZED_AUTOS = YES_AGGRESSIVE;
				GCC_WARN_UNUSED_FUNCTION = YES;
				GCC_WARN_UNUSED_VARIABLE = YES;
				LOCALIZATION_PREFERS_STRING_CATALOGS = YES;
				MACOSX_DEPLOYMENT_TARGET = 15.5;
				MTL_ENABLE_DEBUG_INFO = INCLUDE_SOURCE;
				MTL_FAST_MATH = YES;
				ONLY_ACTIVE_ARCH = YES;
				SDKROOT = macosx;
				STRING_CATALOG_GENERATE_SYMBOLS = YES;
				SWIFT_ACTIVE_COMPILATION_CONDITIONS = "DEBUG $(inherited)";
				SWIFT_OPTIMIZATION_LEVEL = "-Onone";
			};
			name = Debug;
		};
		4AA7A4A02DF166BB00E9036E /* Release */ = {
			isa = XCBuildConfiguration;
			buildSettings = {
				ALWAYS_SEARCH_USER_PATHS = NO;
				ASSETCATALOG_COMPILER_GENERATE_SWIFT_ASSET_SYMBOL_EXTENSIONS = YES;
				CLANG_ANALYZER_NONNULL = YES;
				CLANG_ANALYZER_NUMBER_OBJECT_CONVERSION = YES_AGGRESSIVE;
				CLANG_CXX_LANGUAGE_STANDARD = "gnu++20";
				CLANG_ENABLE_MODULES = YES;
				CLANG_ENABLE_OBJC_ARC = YES;
				CLANG_ENABLE_OBJC_WEAK = YES;
				CLANG_WARN_BLOCK_CAPTURE_AUTORELEASING = YES;
				CLANG_WARN_BOOL_CONVERSION = YES;
				CLANG_WARN_COMMA = YES;
				CLANG_WARN_CONSTANT_CONVERSION = YES;
				CLANG_WARN_DEPRECATED_OBJC_IMPLEMENTATIONS = YES;
				CLANG_WARN_DIRECT_OBJC_ISA_USAGE = YES_ERROR;
				CLANG_WARN_DOCUMENTATION_COMMENTS = YES;
				CLANG_WARN_EMPTY_BODY = YES;
				CLANG_WARN_ENUM_CONVERSION = YES;
				CLANG_WARN_INFINITE_RECURSION = YES;
				CLANG_WARN_INT_CONVERSION = YES;
				CLANG_WARN_NON_LITERAL_NULL_CONVERSION = YES;
				CLANG_WARN_OBJC_IMPLICIT_RETAIN_SELF = YES;
				CLANG_WARN_OBJC_LITERAL_CONVERSION = YES;
				CLANG_WARN_OBJC_ROOT_CLASS = YES_ERROR;
				CLANG_WARN_QUOTED_INCLUDE_IN_FRAMEWORK_HEADER = YES;
				CLANG_WARN_RANGE_LOOP_ANALYSIS = YES;
				CLANG_WARN_STRICT_PROTOTYPES = YES;
				CLANG_WARN_SUSPICIOUS_MOVE = YES;
				CLANG_WARN_UNGUARDED_AVAILABILITY = YES_AGGRESSIVE;
				CLANG_WARN_UNREACHABLE_CODE = YES;
				CLANG_WARN__DUPLICATE_METHOD_MATCH = YES;
				COPY_PHASE_STRIP = NO;
				DEAD_CODE_STRIPPING = YES;
				DEBUG_INFORMATION_FORMAT = "dwarf-with-dsym";
				DEVELOPMENT_TEAM = 23889H77KX;
				ENABLE_NS_ASSERTIONS = NO;
				ENABLE_STRICT_OBJC_MSGSEND = YES;
				ENABLE_USER_SCRIPT_SANDBOXING = YES;
				GCC_C_LANGUAGE_STANDARD = gnu17;
				GCC_NO_COMMON_BLOCKS = YES;
				GCC_WARN_64_TO_32_BIT_CONVERSION = YES;
				GCC_WARN_ABOUT_RETURN_TYPE = YES_ERROR;
				GCC_WARN_UNDECLARED_SELECTOR = YES;
				GCC_WARN_UNINITIALIZED_AUTOS = YES_AGGRESSIVE;
				GCC_WARN_UNUSED_FUNCTION = YES;
				GCC_WARN_UNUSED_VARIABLE = YES;
				LOCALIZATION_PREFERS_STRING_CATALOGS = YES;
				MACOSX_DEPLOYMENT_TARGET = 15.5;
				MTL_ENABLE_DEBUG_INFO = NO;
				MTL_FAST_MATH = YES;
				SDKROOT = macosx;
				STRING_CATALOG_GENERATE_SYMBOLS = YES;
				SWIFT_COMPILATION_MODE = wholemodule;
			};
			name = Release;
		};
		4AA7A4A22DF166BB00E9036E /* Debug */ = {
			isa = XCBuildConfiguration;
			buildSettings = {
				ASSETCATALOG_COMPILER_APPICON_NAME = AppIcon;
				ASSETCATALOG_COMPILER_GLOBAL_ACCENT_COLOR_NAME = AccentColor;
				CODE_SIGN_ENTITLEMENTS = VideoWallpaper/VideoWallpaper.entitlements;
				"CODE_SIGN_IDENTITY[sdk=macosx*]" = "-";
				CODE_SIGN_STYLE = Automatic;
				COMBINE_HIDPI_IMAGES = YES;
				CURRENT_PROJECT_VERSION = 5;
				DEAD_CODE_STRIPPING = YES;
				DEVELOPMENT_TEAM = 23889H77KX;
				ENABLE_APP_SANDBOX = YES;
				ENABLE_FILE_ACCESS_DOWNLOADS_FOLDER = readonly;
				ENABLE_FILE_ACCESS_MOVIES_FOLDER = readonly;
				ENABLE_HARDENED_RUNTIME = YES;
				ENABLE_PREVIEWS = YES;
				ENABLE_USER_SELECTED_FILES = readonly;
				GENERATE_INFOPLIST_FILE = YES;
				INFOPLIST_FILE = VideoWallpaper/Info.plist;
				INFOPLIST_KEY_LSApplicationCategoryType = "public.app-category.utilities";
				INFOPLIST_KEY_NSHumanReadableCopyright = "";
				LD_RUNPATH_SEARCH_PATHS = (
					"$(inherited)",
					"@executable_path/../Frameworks",
				);
				MACOSX_DEPLOYMENT_TARGET = 15.0;
				MARKETING_VERSION = 1.1;
				PRODUCT_BUNDLE_IDENTIFIER = st.rio.VideoWallpaper;
				PRODUCT_NAME = "$(TARGET_NAME)";
				REGISTER_APP_GROUPS = YES;
				SWIFT_EMIT_LOC_STRINGS = YES;
				SWIFT_VERSION = 5.0;
			};
			name = Debug;
		};
		4AA7A4A32DF166BB00E9036E /* Release */ = {
			isa = XCBuildConfiguration;
			buildSettings = {
				ASSETCATALOG_COMPILER_APPICON_NAME = AppIcon;
				ASSETCATALOG_COMPILER_GLOBAL_ACCENT_COLOR_NAME = AccentColor;
				CODE_SIGN_ENTITLEMENTS = VideoWallpaper/VideoWallpaper.entitlements;
				"CODE_SIGN_IDENTITY[sdk=macosx*]" = "Developer ID Application";
				CODE_SIGN_STYLE = Manual;
				COMBINE_HIDPI_IMAGES = YES;
				CURRENT_PROJECT_VERSION = 5;
				DEAD_CODE_STRIPPING = YES;
				DEVELOPMENT_TEAM = "";
				"DEVELOPMENT_TEAM[sdk=macosx*]" = 23889H77KX;
				ENABLE_APP_SANDBOX = YES;
				ENABLE_FILE_ACCESS_DOWNLOADS_FOLDER = readonly;
				ENABLE_FILE_ACCESS_MOVIES_FOLDER = readonly;
				ENABLE_HARDENED_RUNTIME = YES;
				ENABLE_PREVIEWS = YES;
				ENABLE_USER_SELECTED_FILES = readonly;
				GENERATE_INFOPLIST_FILE = YES;
				INFOPLIST_FILE = VideoWallpaper/Info.plist;
				INFOPLIST_KEY_LSApplicationCategoryType = "public.app-category.utilities";
				INFOPLIST_KEY_NSHumanReadableCopyright = "";
				LD_RUNPATH_SEARCH_PATHS = (
					"$(inherited)",
					"@executable_path/../Frameworks",
				);
				MACOSX_DEPLOYMENT_TARGET = 15.0;
				MARKETING_VERSION = 1.1;
				PRODUCT_BUNDLE_IDENTIFIER = st.rio.VideoWallpaper;
				PRODUCT_NAME = "$(TARGET_NAME)";
				PROVISIONING_PROFILE_SPECIFIER = "";
				"PROVISIONING_PROFILE_SPECIFIER[sdk=macosx*]" = st.rio.VideoWallpaper;
				REGISTER_APP_GROUPS = YES;
				SWIFT_EMIT_LOC_STRINGS = YES;
				SWIFT_VERSION = 5.0;
			};
			name = Release;
		};
		4AA7A4A52DF166BB00E9036E /* Debug */ = {
			isa = XCBuildConfiguration;
			buildSettings = {
				BUNDLE_LOADER = "$(TEST_HOST)";
				CODE_SIGN_STYLE = Automatic;
				CURRENT_PROJECT_VERSION = 1;
				DEAD_CODE_STRIPPING = YES;
				DEVELOPMENT_TEAM = 23889H77KX;
				GENERATE_INFOPLIST_FILE = YES;
				MACOSX_DEPLOYMENT_TARGET = 15.5;
				MARKETING_VERSION = 1.0;
				PRODUCT_BUNDLE_IDENTIFIER = st.rio.VideoWallpaperTests;
				PRODUCT_NAME = "$(TARGET_NAME)";
				SWIFT_EMIT_LOC_STRINGS = NO;
				SWIFT_VERSION = 5.0;
				TEST_HOST = "$(BUILT_PRODUCTS_DIR)/VideoWallpaper.app/$(BUNDLE_EXECUTABLE_FOLDER_PATH)/VideoWallpaper";
			};
			name = Debug;
		};
		4AA7A4A62DF166BB00E9036E /* Release */ = {
			isa = XCBuildConfiguration;
			buildSettings = {
				BUNDLE_LOADER = "$(TEST_HOST)";
				CODE_SIGN_STYLE = Automatic;
				CURRENT_PROJECT_VERSION = 1;
				DEAD_CODE_STRIPPING = YES;
				DEVELOPMENT_TEAM = 23889H77KX;
				GENERATE_INFOPLIST_FILE = YES;
				MACOSX_DEPLOYMENT_TARGET = 15.5;
				MARKETING_VERSION = 1.0;
				PRODUCT_BUNDLE_IDENTIFIER = st.rio.VideoWallpaperTests;
				PRODUCT_NAME = "$(TARGET_NAME)";
				SWIFT_EMIT_LOC_STRINGS = NO;
				SWIFT_VERSION = 5.0;
				TEST_HOST = "$(BUILT_PRODUCTS_DIR)/VideoWallpaper.app/$(BUNDLE_EXECUTABLE_FOLDER_PATH)/VideoWallpaper";
			};
			name = Release;
		};
		4AA7A4A82DF166BB00E9036E /* Debug */ = {
			isa = XCBuildConfiguration;
			buildSettings = {
				CODE_SIGN_STYLE = Automatic;
				CURRENT_PROJECT_VERSION = 1;
				DEAD_CODE_STRIPPING = YES;
				DEVELOPMENT_TEAM = 23889H77KX;
				GENERATE_INFOPLIST_FILE = YES;
				MARKETING_VERSION = 1.0;
				PRODUCT_BUNDLE_IDENTIFIER = st.rio.VideoWallpaperUITests;
				PRODUCT_NAME = "$(TARGET_NAME)";
				SWIFT_EMIT_LOC_STRINGS = NO;
				SWIFT_VERSION = 5.0;
				TEST_TARGET_NAME = VideoWallpaper;
			};
			name = Debug;
		};
		4AA7A4A92DF166BB00E9036E /* Release */ = {
			isa = XCBuildConfiguration;
			buildSettings = {
				CODE_SIGN_STYLE = Automatic;
				CURRENT_PROJECT_VERSION = 1;
				DEAD_CODE_STRIPPING = YES;
				DEVELOPMENT_TEAM = 23889H77KX;
				GENERATE_INFOPLIST_FILE = YES;
				MARKETING_VERSION = 1.0;
				PRODUCT_BUNDLE_IDENTIFIER = st.rio.VideoWallpaperUITests;
				PRODUCT_NAME = "$(TARGET_NAME)";
				SWIFT_EMIT_LOC_STRINGS = NO;
				SWIFT_VERSION = 5.0;
				TEST_TARGET_NAME = VideoWallpaper;
			};
			name = Release;
		};
/* End XCBuildConfiguration section */

/* Begin XCConfigurationList section */
		4AA7A47A2DF166BA00E9036E /* Build configuration list for PBXProject "VideoWallpaper" */ = {
			isa = XCConfigurationList;
			buildConfigurations = (
				4AA7A49F2DF166BB00E9036E /* Debug */,
				4AA7A4A02DF166BB00E9036E /* Release */,
			);
			defaultConfigurationIsVisible = 0;
			defaultConfigurationName = Release;
		};
		4AA7A4A12DF166BB00E9036E /* Build configuration list for PBXNativeTarget "VideoWallpaper" */ = {
			isa = XCConfigurationList;
			buildConfigurations = (
				4AA7A4A22DF166BB00E9036E /* Debug */,
				4AA7A4A32DF166BB00E9036E /* Release */,
			);
			defaultConfigurationIsVisible = 0;
			defaultConfigurationName = Release;
		};
		4AA7A4A42DF166BB00E9036E /* Build configuration list for PBXNativeTarget "VideoWallpaperTests" */ = {
			isa = XCConfigurationList;
			buildConfigurations = (
				4AA7A4A52DF166BB00E9036E /* Debug */,
				4AA7A4A62DF166BB00E9036E /* Release */,
			);
			defaultConfigurationIsVisible = 0;
			defaultConfigurationName = Release;
		};
		4AA7A4A72DF166BB00E9036E /* Build configuration list for PBXNativeTarget "VideoWallpaperUITests" */ = {
			isa = XCConfigurationList;
			buildConfigurations = (
				4AA7A4A82DF166BB00E9036E /* Debug */,
				4AA7A4A92DF166BB00E9036E /* Release */,
			);
			defaultConfigurationIsVisible = 0;
			defaultConfigurationName = Release;
		};
/* End XCConfigurationList section */
	};
	rootObject = 4AA7A4772DF166BA00E9036E /* Project object */;
}
